
Microsoft Visual Studio Solution File, Format Version 12.00
# Visual Studio Version 17
VisualStudioVersion = 17.11.34929.205
MinimumVisualStudioVersion = 10.0.40219.1
Project("{FAE04EC0-301F-11D3-BF4B-00C04F79EFBC}") = "WpfSendKeys.Net80", "WpfSendKeys.Net80\WpfSendKeys.Net80.csproj", "{3D1F8AE0-4639-450C-AF99-3DE4AE2612DD}"
EndProject
Global
	GlobalSection(SolutionConfigurationPlatforms) = preSolution
		Debug|Any CPU = Debug|Any CPU
		Release|Any CPU = Release|Any CPU
	EndGlobalSection
	GlobalSection(ProjectConfigurationPlatforms) = postSolution
		{3D1F8AE0-4639-450C-AF99-3DE4AE2612DD}.Debug|Any CPU.ActiveCfg = Debug|Any CPU
		{3D1F8AE0-4639-450C-AF99-3DE4AE2612DD}.Debug|Any CPU.Build.0 = Debug|Any CPU
		{3D1F8AE0-4639-450C-AF99-3DE4AE2612DD}.Release|Any CPU.ActiveCfg = Release|Any CPU
		{3D1F8AE0-4639-450C-AF99-3DE4AE2612DD}.Release|Any CPU.Build.0 = Release|Any CPU
	EndGlobalSection
	GlobalSection(SolutionProperties) = preSolution
		HideSolutionNode = FALSE
	EndGlobalSection
	GlobalSection(ExtensibilityGlobals) = postSolution
		SolutionGuid = {1A15D66F-1F13-4096-B2F4-0E533189D2A8}
	EndGlobalSection
EndGlobal
